
Microsoft Visual Studio Solution File, Format Version 12.00
# Visual Studio Version 17
VisualStudioVersion = 17.14.36212.18
MinimumVisualStudioVersion = 10.0.40219.1
Project("{2150E333-8FDC-42A3-9474-1A3956D46DE8}") = "01.Clients", "01.Clients", "{02EA681E-C7D8-13C7-8484-4AC65E1B71E8}"
EndProject
Project("{2150E333-8FDC-42A3-9474-1A3956D46DE8}") = "02.Api.Gateways", "02.Api.Gateways", "{ABBEFAC0-9F58-4DC4-91AD-D428D2EF7C95}"
EndProject
Project("{2150E333-8FDC-42A3-9474-1A3956D46DE8}") = "03.Services", "03.Services", "{AE87CDE1-448B-40EE-9F9B-538207732C9A}"
EndProject
Project("{2150E333-8FDC-42A3-9474-1A3956D46DE8}") = "04.Common", "04.Common", "{2F9A2628-11E5-43BB-B072-3F66B8A5CBE2}"
EndProject
Project("{2150E333-8FDC-42A3-9474-1A3956D46DE8}") = "Web.Gateway", "Web.Gateway", "{7146DFC0-EC0A-49EC-84EF-8653B621BE43}"
EndProject
Project("{2150E333-8FDC-42A3-9474-1A3956D46DE8}") = "01.Identity", "01.Identity", "{D592849A-3484-4AA3-82B4-8181773A943E}"
EndProject
Project("{2150E333-8FDC-42A3-9474-1A3956D46DE8}") = "02.Catalog", "02.Catalog", "{D55BCD46-53B2-4B1E-AC60-23752CC47237}"
EndProject
Project("{2150E333-8FDC-42A3-9474-1A3956D46DE8}") = "03.Customer", "03.Customer", "{06FE1355-1A93-41FA-A27D-B53685B09CEF}"
EndProject
Project("{2150E333-8FDC-42A3-9474-1A3956D46DE8}") = "04.Order", "04.Order", "{1BDD25B9-5000-4AA3-952E-A5FCCCE7C41B}"
EndProject
Project("{2150E333-8FDC-42A3-9474-1A3956D46DE8}") = "05.Common", "05.Common", "{D43891D2-7F05-497C-9F1E-DE02AB533CF8}"
EndProject
Project("{FAE04EC0-301F-11D3-BF4B-00C04F79EFBC}") = "Catalog.API", "src\Services\Catalog\Catalog.API\Catalog.API.csproj", "{FF86642D-DB92-44FC-9A79-B87361EDDF39}"
EndProject
Project("{2150E333-8FDC-42A3-9474-1A3956D46DE8}") = "API", "API", "{871AC9F5-0455-4179-972D-053363B3EFF7}"
EndProject
Project("{2150E333-8FDC-42A3-9474-1A3956D46DE8}") = "Common", "Common", "{DC584B62-BE65-44B0-8F4F-FE2EFD10B618}"
EndProject
Project("{2150E333-8FDC-42A3-9474-1A3956D46DE8}") = "Models", "Models", "{6F2CA16A-BDAC-4A3F-A93C-965A9E564D62}"
EndProject
Project("{2150E333-8FDC-42A3-9474-1A3956D46DE8}") = "Persistence", "Persistence", "{401DB9B4-2FBC-432D-B941-2E5411FDE7F1}"
EndProject
Project("{2150E333-8FDC-42A3-9474-1A3956D46DE8}") = "Services", "Services", "{328C640C-291C-4E36-962D-2FB44B65F050}"
EndProject
Project("{FAE04EC0-301F-11D3-BF4B-00C04F79EFBC}") = "Catalog.Domain", "src\Services\Catalog\Catalog.Domain\Catalog.Domain.csproj", "{6409B8F7-15B6-4F47-9F8B-39A3DE51B1E8}"
EndProject
Project("{FAE04EC0-301F-11D3-BF4B-00C04F79EFBC}") = "Catalog.Persistence.Database", "src\Services\Catalog\Catalog.Persistence.Database\Catalog.Persistence.Database.csproj", "{0EC6BE9A-65D3-419D-8717-98F5E979B43A}"
EndProject
Project("{FAE04EC0-301F-11D3-BF4B-00C04F79EFBC}") = "Service.Common.Collection", "src\Services\Common\Service.Common.Collection\Service.Common.Collection.csproj", "{C9732E19-C429-4A9D-A21B-21BE35A83569}"
EndProject
Project("{FAE04EC0-301F-11D3-BF4B-00C04F79EFBC}") = "Service.Common.Mapping", "src\Services\Common\Service.Common.Mapping\Service.Common.Mapping.csproj", "{BBD42854-31A8-44F0-AD01-3F52740BAFCA}"
EndProject
Project("{FAE04EC0-301F-11D3-BF4B-00C04F79EFBC}") = "Service.Common.Paging", "src\Services\Common\Service.Common.Paging\Service.Common.Paging.csproj", "{4652B04B-0B1A-406B-A2A0-4FA87D5E6BDE}"
EndProject
Global
	GlobalSection(SolutionConfigurationPlatforms) = preSolution
		Debug|Any CPU = Debug|Any CPU
		Release|Any CPU = Release|Any CPU
	EndGlobalSection
	GlobalSection(ProjectConfigurationPlatforms) = postSolution
		{FF86642D-DB92-44FC-9A79-B87361EDDF39}.Debug|Any CPU.ActiveCfg = Debug|Any CPU
		{FF86642D-DB92-44FC-9A79-B87361EDDF39}.Debug|Any CPU.Build.0 = Debug|Any CPU
		{FF86642D-DB92-44FC-9A79-B87361EDDF39}.Release|Any CPU.ActiveCfg = Release|Any CPU
		{FF86642D-DB92-44FC-9A79-B87361EDDF39}.Release|Any CPU.Build.0 = Release|Any CPU
		{6409B8F7-15B6-4F47-9F8B-39A3DE51B1E8}.Debug|Any CPU.ActiveCfg = Debug|Any CPU
		{6409B8F7-15B6-4F47-9F8B-39A3DE51B1E8}.Debug|Any CPU.Build.0 = Debug|Any CPU
		{6409B8F7-15B6-4F47-9F8B-39A3DE51B1E8}.Release|Any CPU.ActiveCfg = Release|Any CPU
		{6409B8F7-15B6-4F47-9F8B-39A3DE51B1E8}.Release|Any CPU.Build.0 = Release|Any CPU
		{0EC6BE9A-65D3-419D-8717-98F5E979B43A}.Debug|Any CPU.ActiveCfg = Debug|Any CPU
		{0EC6BE9A-65D3-419D-8717-98F5E979B43A}.Debug|Any CPU.Build.0 = Debug|Any CPU
		{0EC6BE9A-65D3-419D-8717-98F5E979B43A}.Release|Any CPU.ActiveCfg = Release|Any CPU
		{0EC6BE9A-65D3-419D-8717-98F5E979B43A}.Release|Any CPU.Build.0 = Release|Any CPU
		{C9732E19-C429-4A9D-A21B-21BE35A83569}.Debug|Any CPU.ActiveCfg = Debug|Any CPU
		{C9732E19-C429-4A9D-A21B-21BE35A83569}.Debug|Any CPU.Build.0 = Debug|Any CPU
		{C9732E19-C429-4A9D-A21B-21BE35A83569}.Release|Any CPU.ActiveCfg = Release|Any CPU
		{C9732E19-C429-4A9D-A21B-21BE35A83569}.Release|Any CPU.Build.0 = Release|Any CPU
		{BBD42854-31A8-44F0-AD01-3F52740BAFCA}.Debug|Any CPU.ActiveCfg = Debug|Any CPU
		{BBD42854-31A8-44F0-AD01-3F52740BAFCA}.Debug|Any CPU.Build.0 = Debug|Any CPU
		{BBD42854-31A8-44F0-AD01-3F52740BAFCA}.Release|Any CPU.ActiveCfg = Release|Any CPU
		{BBD42854-31A8-44F0-AD01-3F52740BAFCA}.Release|Any CPU.Build.0 = Release|Any CPU
		{4652B04B-0B1A-406B-A2A0-4FA87D5E6BDE}.Debug|Any CPU.ActiveCfg = Debug|Any CPU
		{4652B04B-0B1A-406B-A2A0-4FA87D5E6BDE}.Debug|Any CPU.Build.0 = Debug|Any CPU
		{4652B04B-0B1A-406B-A2A0-4FA87D5E6BDE}.Release|Any CPU.ActiveCfg = Release|Any CPU
		{4652B04B-0B1A-406B-A2A0-4FA87D5E6BDE}.Release|Any CPU.Build.0 = Release|Any CPU
	EndGlobalSection
	GlobalSection(SolutionProperties) = preSolution
		HideSolutionNode = FALSE
	EndGlobalSection
	GlobalSection(NestedProjects) = preSolution
		{7146DFC0-EC0A-49EC-84EF-8653B621BE43} = {ABBEFAC0-9F58-4DC4-91AD-D428D2EF7C95}
		{D592849A-3484-4AA3-82B4-8181773A943E} = {AE87CDE1-448B-40EE-9F9B-538207732C9A}
		{D55BCD46-53B2-4B1E-AC60-23752CC47237} = {AE87CDE1-448B-40EE-9F9B-538207732C9A}
		{06FE1355-1A93-41FA-A27D-B53685B09CEF} = {AE87CDE1-448B-40EE-9F9B-538207732C9A}
		{1BDD25B9-5000-4AA3-952E-A5FCCCE7C41B} = {AE87CDE1-448B-40EE-9F9B-538207732C9A}
		{D43891D2-7F05-497C-9F1E-DE02AB533CF8} = {AE87CDE1-448B-40EE-9F9B-538207732C9A}
		{FF86642D-DB92-44FC-9A79-B87361EDDF39} = {871AC9F5-0455-4179-972D-053363B3EFF7}
		{871AC9F5-0455-4179-972D-053363B3EFF7} = {D55BCD46-53B2-4B1E-AC60-23752CC47237}
		{DC584B62-BE65-44B0-8F4F-FE2EFD10B618} = {D55BCD46-53B2-4B1E-AC60-23752CC47237}
		{6F2CA16A-BDAC-4A3F-A93C-965A9E564D62} = {D55BCD46-53B2-4B1E-AC60-23752CC47237}
		{401DB9B4-2FBC-432D-B941-2E5411FDE7F1} = {D55BCD46-53B2-4B1E-AC60-23752CC47237}
		{328C640C-291C-4E36-962D-2FB44B65F050} = {D55BCD46-53B2-4B1E-AC60-23752CC47237}
		{6409B8F7-15B6-4F47-9F8B-39A3DE51B1E8} = {6F2CA16A-BDAC-4A3F-A93C-965A9E564D62}
		{0EC6BE9A-65D3-419D-8717-98F5E979B43A} = {401DB9B4-2FBC-432D-B941-2E5411FDE7F1}
		{C9732E19-C429-4A9D-A21B-21BE35A83569} = {D43891D2-7F05-497C-9F1E-DE02AB533CF8}
		{BBD42854-31A8-44F0-AD01-3F52740BAFCA} = {D43891D2-7F05-497C-9F1E-DE02AB533CF8}
		{4652B04B-0B1A-406B-A2A0-4FA87D5E6BDE} = {D43891D2-7F05-497C-9F1E-DE02AB533CF8}
	EndGlobalSection
	GlobalSection(ExtensibilityGlobals) = postSolution
		SolutionGuid = {C6F0A3CC-8D89-4363-9DDB-E76C31DB8958}
	EndGlobalSection
EndGlobal
