
Microsoft Visual Studio Solution File, Format Version 12.00
# Visual Studio Version 17
VisualStudioVersion = 17.14.36212.18
MinimumVisualStudioVersion = 10.0.40219.1
Project("{2150E333-8FDC-42A3-9474-1A3956D46DE8}") = "01.Clients", "01.Clients", "{02EA681E-C7D8-13C7-8484-4AC65E1B71E8}"
EndProject
Project("{2150E333-8FDC-42A3-9474-1A3956D46DE8}") = "02.Api.Gateways", "02.Api.Gateways", "{ABBEFAC0-9F58-4DC4-91AD-D428D2EF7C95}"
EndProject
Project("{2150E333-8FDC-42A3-9474-1A3956D46DE8}") = "03.Services", "03.Services", "{AE87CDE1-448B-40EE-9F9B-538207732C9A}"
EndProject
Project("{2150E333-8FDC-42A3-9474-1A3956D46DE8}") = "04.Common", "04.Common", "{2F9A2628-11E5-43BB-B072-3F66B8A5CBE2}"
EndProject
Project("{2150E333-8FDC-42A3-9474-1A3956D46DE8}") = "Web.Gateway", "Web.Gateway", "{7146DFC0-EC0A-49EC-84EF-8653B621BE43}"
EndProject
Project("{2150E333-8FDC-42A3-9474-1A3956D46DE8}") = "01.Identity", "01.Identity", "{D592849A-3484-4AA3-82B4-8181773A943E}"
EndProject
Project("{2150E333-8FDC-42A3-9474-1A3956D46DE8}") = "02.Catalog", "02.Catalog", "{D55BCD46-53B2-4B1E-AC60-23752CC47237}"
EndProject
Project("{2150E333-8FDC-42A3-9474-1A3956D46DE8}") = "03.Customer", "03.Customer", "{06FE1355-1A93-41FA-A27D-B53685B09CEF}"
EndProject
Project("{2150E333-8FDC-42A3-9474-1A3956D46DE8}") = "04.Order", "04.Order", "{1BDD25B9-5000-4AA3-952E-A5FCCCE7C41B}"
EndProject
Project("{2150E333-8FDC-42A3-9474-1A3956D46DE8}") = "05.Common", "05.Common", "{D43891D2-7F05-497C-9F1E-DE02AB533CF8}"
EndProject
Project("{FAE04EC0-301F-11D3-BF4B-00C04F79EFBC}") = "Catalog.API", "src\Services\Catalog\Catalog.API\Catalog.API.csproj", "{FF86642D-DB92-44FC-9A79-B87361EDDF39}"
EndProject
Project("{2150E333-8FDC-42A3-9474-1A3956D46DE8}") = "API", "API", "{871AC9F5-0455-4179-972D-053363B3EFF7}"
EndProject
Project("{2150E333-8FDC-42A3-9474-1A3956D46DE8}") = "Common", "Common", "{DC584B62-BE65-44B0-8F4F-FE2EFD10B618}"
EndProject
Project("{2150E333-8FDC-42A3-9474-1A3956D46DE8}") = "Models", "Models", "{6F2CA16A-BDAC-4A3F-A93C-965A9E564D62}"
EndProject
Project("{2150E333-8FDC-42A3-9474-1A3956D46DE8}") = "Persistence", "Persistence", "{401DB9B4-2FBC-432D-B941-2E5411FDE7F1}"
EndProject
Project("{2150E333-8FDC-42A3-9474-1A3956D46DE8}") = "Services", "Services", "{328C640C-291C-4E36-962D-2FB44B65F050}"
EndProject
Project("{FAE04EC0-301F-11D3-BF4B-00C04F79EFBC}") = "Catalog.Domain", "src\Services\Catalog\Catalog.Domain\Catalog.Domain.csproj", "{6409B8F7-15B6-4F47-9F8B-39A3DE51B1E8}"
EndProject
Project("{FAE04EC0-301F-11D3-BF4B-00C04F79EFBC}") = "Catalog.Persistence.Database", "src\Services\Catalog\Catalog.Persistence.Database\Catalog.Persistence.Database.csproj", "{0EC6BE9A-65D3-419D-8717-98F5E979B43A}"
EndProject
Project("{FAE04EC0-301F-11D3-BF4B-00C04F79EFBC}") = "Service.Common.Collection", "src\Services\Common\Service.Common.Collection\Service.Common.Collection.csproj", "{C9732E19-C429-4A9D-A21B-21BE35A83569}"
EndProject
Project("{FAE04EC0-301F-11D3-BF4B-00C04F79EFBC}") = "Service.Common.Mapping", "src\Services\Common\Service.Common.Mapping\Service.Common.Mapping.csproj", "{BBD42854-31A8-44F0-AD01-3F52740BAFCA}"
EndProject
Project("{FAE04EC0-301F-11D3-BF4B-00C04F79EFBC}") = "Service.Common.Paging", "src\Services\Common\Service.Common.Paging\Service.Common.Paging.csproj", "{4652B04B-0B1A-406B-A2A0-4FA87D5E6BDE}"
EndProject
Project("{FAE04EC0-301F-11D3-BF4B-00C04F79EFBC}") = "Catalog.Services.Queries", "src\Services\Common\Cataog.Services.Queries\Catalog.Services.Queries\Catalog.Services.Queries.csproj", "{3DB9FE7B-9919-4565-A772-DD2BA4094A41}"
EndProject
Project("{FAE04EC0-301F-11D3-BF4B-00C04F79EFBC}") = "Catalog.Service.EventHandlers", "src\Services\Catalog\Catalog.Service.EventHandlers\Catalog.Service.EventHandlers.csproj", "{6389EB4D-03BD-4DA9-83DD-D4B68B1795E3}"
EndProject
Project("{FAE04EC0-301F-11D3-BF4B-00C04F79EFBC}") = "Catalog.Common", "src\Services\Catalog\Catalog.Common\Catalog.Common.csproj", "{7662DBF7-0E92-4DFB-90D1-D233916504E9}"
EndProject
Project("{FAE04EC0-301F-11D3-BF4B-00C04F79EFBC}") = "Common.Logging", "src\Common.Logging\Common.Logging.csproj", "{59FF0117-F748-44BC-BF46-A193E84B99A5}"
EndProject
Project("{2150E333-8FDC-42A3-9474-1A3956D46DE8}") = "API", "API", "{243B06A6-E122-4151-9B1D-91B392C9F27A}"
EndProject
Project("{2150E333-8FDC-42A3-9474-1A3956D46DE8}") = "Models", "Models", "{21DFAFBC-1CD3-4982-8B63-EA7071E288EE}"
EndProject
Project("{2150E333-8FDC-42A3-9474-1A3956D46DE8}") = "Persistence", "Persistence", "{B6108801-F2C8-4F2E-AA5C-270D21C93094}"
EndProject
Project("{2150E333-8FDC-42A3-9474-1A3956D46DE8}") = "Services", "Services", "{AE7501F0-AC5A-400D-A5AB-549608299245}"
EndProject
Project("{FAE04EC0-301F-11D3-BF4B-00C04F79EFBC}") = "Customer.Domain", "src\Services\Customer\Customer.Domain\Customer.Domain.csproj", "{611CA69E-8307-4740-8F8A-08ED00E60E99}"
EndProject
Project("{FAE04EC0-301F-11D3-BF4B-00C04F79EFBC}") = "Customer.Persistence.Database", "src\Services\Customer\Customer.Persistence.Database\Customer.Persistence.Database.csproj", "{73A18680-33C6-48D6-8081-032F1CAE194A}"
EndProject
Project("{FAE04EC0-301F-11D3-BF4B-00C04F79EFBC}") = "Customer.Service.Queries", "src\Services\Common\Customer.Service.Queries\Customer.Service.Queries.csproj", "{F0710254-8C0D-4F53-B2A6-930E0522C098}"
EndProject
Project("{FAE04EC0-301F-11D3-BF4B-00C04F79EFBC}") = "Customer.Service.EventHandler", "src\Services\Common\Customer.Service.EventHandler\Customer.Service.EventHandler.csproj", "{41D35352-AE57-421A-A95F-458ED212BEEC}"
EndProject
Project("{FAE04EC0-301F-11D3-BF4B-00C04F79EFBC}") = "Customer.API", "src\Services\Customer\Customer.API\Customer.API.csproj", "{95065C41-F020-42CE-8D18-81B7F8A9867B}"
EndProject
Project("{2150E333-8FDC-42A3-9474-1A3956D46DE8}") = "API", "API", "{911BB14E-521D-4CA4-999A-A3A8E414D137}"
EndProject
Project("{2150E333-8FDC-42A3-9474-1A3956D46DE8}") = "Common", "Common", "{6A6881B7-1315-485F-8493-902EAC21F4F6}"
EndProject
Project("{2150E333-8FDC-42A3-9474-1A3956D46DE8}") = "Models", "Models", "{8016E757-1B07-469B-8189-521F24F7F476}"
EndProject
Project("{2150E333-8FDC-42A3-9474-1A3956D46DE8}") = "Persistence", "Persistence", "{40F2B315-3264-4740-9BE9-6725384B574E}"
EndProject
Project("{2150E333-8FDC-42A3-9474-1A3956D46DE8}") = "Services", "Services", "{A9EC005C-CC5C-4593-9951-16105F65BE8D}"
EndProject
Project("{FAE04EC0-301F-11D3-BF4B-00C04F79EFBC}") = "Order.Domain", "src\Services\Order\Order.Domain\Order.Domain.csproj", "{454B91F8-E261-4A4D-B086-93BE29264153}"
EndProject
Project("{FAE04EC0-301F-11D3-BF4B-00C04F79EFBC}") = "Order.Common", "src\Services\Order\Order.Common\Order.Common.csproj", "{7D600B30-8915-42C2-98D0-5802210DEBCF}"
EndProject
Project("{FAE04EC0-301F-11D3-BF4B-00C04F79EFBC}") = "Order.Persistence.Database", "src\Services\Order\Order.Persistence.Database\Order.Persistence.Database.csproj", "{E6098062-76D9-433C-9088-1492F82EE66B}"
EndProject
Project("{FAE04EC0-301F-11D3-BF4B-00C04F79EFBC}") = "Order.Service.EventHandlers", "src\Services\Common\Order.Service.EventHandlers\Order.Service.EventHandlers.csproj", "{659CD593-2155-4CB3-9F56-1E829CBD8ABF}"
EndProject
Project("{FAE04EC0-301F-11D3-BF4B-00C04F79EFBC}") = "Order.Service.Proxies", "src\Services\Order\Order.Service.Proxies\Order.Service.Proxies.csproj", "{5334EBCD-3071-4CA5-91B8-B97B9341B300}"
EndProject
Project("{FAE04EC0-301F-11D3-BF4B-00C04F79EFBC}") = "Order.API", "Order.API\Order.API.csproj", "{7E8E44FE-24D9-4698-BBEE-0EDACF05A80A}"
EndProject
Project("{FAE04EC0-301F-11D3-BF4B-00C04F79EFBC}") = "Order.Service.Queries", "src\Services\Common\Order.Service.Queries\Order.Service.Queries.csproj", "{AE949B18-70AF-49D4-9DE8-EC4592445377}"
EndProject
Project("{2150E333-8FDC-42A3-9474-1A3956D46DE8}") = "API", "API", "{FB18BFC1-6365-403B-8923-244758270AF1}"
EndProject
Project("{2150E333-8FDC-42A3-9474-1A3956D46DE8}") = "Models", "Models", "{101F9249-44DA-4CFD-9FB5-C9ED46DFEED5}"
EndProject
Project("{2150E333-8FDC-42A3-9474-1A3956D46DE8}") = "Persistence", "Persistence", "{EBC37A89-5C53-4CF3-8A24-A34C33C25AC7}"
EndProject
Project("{2150E333-8FDC-42A3-9474-1A3956D46DE8}") = "Services", "Services", "{27C9F128-7647-4EA4-B438-4BAD02F4C922}"
EndProject
Project("{FAE04EC0-301F-11D3-BF4B-00C04F79EFBC}") = "Identity.Domain", "src\Services\Identity\Identity.Domain\Identity.Domain.csproj", "{53E9199C-E1F6-49E2-98D2-B4C1F692D85E}"
EndProject
Project("{FAE04EC0-301F-11D3-BF4B-00C04F79EFBC}") = "Identity.Persistence.DataBase", "src\Services\Identity\Identity.Persistence.DataBase\Identity.Persistence.DataBase.csproj", "{E0830560-C4CA-4C89-9D42-AD4FA6DEE09E}"
EndProject
Project("{FAE04EC0-301F-11D3-BF4B-00C04F79EFBC}") = "Identity.API", "src\Services\Identity\Identity.API\Identity.API.csproj", "{68851665-D5E7-40E2-91BE-DADDBAF44916}"
EndProject
Project("{FAE04EC0-301F-11D3-BF4B-00C04F79EFBC}") = "Identity.Service.Queries", "src\Services\Common\Identity.Service.Queries\Identity.Service.Queries.csproj", "{9B7BB081-3170-4E04-A463-EB89D0993046}"
EndProject
Project("{FAE04EC0-301F-11D3-BF4B-00C04F79EFBC}") = "Identity.Service.EventHandlers", "src\Services\Common\Identity.Service.EventHandlers\Identity.Service.EventHandlers.csproj", "{520E0F5C-28C5-48AB-899C-3548EC715C9B}"
EndProject
Project("{FAE04EC0-301F-11D3-BF4B-00C04F79EFBC}") = "Api.Gateway.WebClient", "src\API.Gateways\Api.Gateway.WebClient\Api.Gateway.WebClient.csproj", "{0437FAA5-8991-4DD2-8EA5-2418DD90C2B8}"
EndProject
Project("{FAE04EC0-301F-11D3-BF4B-00C04F79EFBC}") = "API.Gateway.Models", "src\API.Gateways\API.Gateway.Models\API.Gateway.Models.csproj", "{D2A3FEF6-7EE7-44EC-94D3-24DB2CC26E9B}"
EndProject
Project("{FAE04EC0-301F-11D3-BF4B-00C04F79EFBC}") = "API.Gateway.Proxies", "src\API.Gateways\API.Gateway.Proxies\API.Gateway.Proxies.csproj", "{AC72642E-78FC-4A5F-B670-C515A034FF37}"
EndProject
Global
	GlobalSection(SolutionConfigurationPlatforms) = preSolution
		Debug|Any CPU = Debug|Any CPU
		Release|Any CPU = Release|Any CPU
	EndGlobalSection
	GlobalSection(ProjectConfigurationPlatforms) = postSolution
		{FF86642D-DB92-44FC-9A79-B87361EDDF39}.Debug|Any CPU.ActiveCfg = Debug|Any CPU
		{FF86642D-DB92-44FC-9A79-B87361EDDF39}.Debug|Any CPU.Build.0 = Debug|Any CPU
		{FF86642D-DB92-44FC-9A79-B87361EDDF39}.Release|Any CPU.ActiveCfg = Release|Any CPU
		{FF86642D-DB92-44FC-9A79-B87361EDDF39}.Release|Any CPU.Build.0 = Release|Any CPU
		{6409B8F7-15B6-4F47-9F8B-39A3DE51B1E8}.Debug|Any CPU.ActiveCfg = Debug|Any CPU
		{6409B8F7-15B6-4F47-9F8B-39A3DE51B1E8}.Debug|Any CPU.Build.0 = Debug|Any CPU
		{6409B8F7-15B6-4F47-9F8B-39A3DE51B1E8}.Release|Any CPU.ActiveCfg = Release|Any CPU
		{6409B8F7-15B6-4F47-9F8B-39A3DE51B1E8}.Release|Any CPU.Build.0 = Release|Any CPU
		{0EC6BE9A-65D3-419D-8717-98F5E979B43A}.Debug|Any CPU.ActiveCfg = Debug|Any CPU
		{0EC6BE9A-65D3-419D-8717-98F5E979B43A}.Debug|Any CPU.Build.0 = Debug|Any CPU
		{0EC6BE9A-65D3-419D-8717-98F5E979B43A}.Release|Any CPU.ActiveCfg = Release|Any CPU
		{0EC6BE9A-65D3-419D-8717-98F5E979B43A}.Release|Any CPU.Build.0 = Release|Any CPU
		{C9732E19-C429-4A9D-A21B-21BE35A83569}.Debug|Any CPU.ActiveCfg = Debug|Any CPU
		{C9732E19-C429-4A9D-A21B-21BE35A83569}.Debug|Any CPU.Build.0 = Debug|Any CPU
		{C9732E19-C429-4A9D-A21B-21BE35A83569}.Release|Any CPU.ActiveCfg = Release|Any CPU
		{C9732E19-C429-4A9D-A21B-21BE35A83569}.Release|Any CPU.Build.0 = Release|Any CPU
		{BBD42854-31A8-44F0-AD01-3F52740BAFCA}.Debug|Any CPU.ActiveCfg = Debug|Any CPU
		{BBD42854-31A8-44F0-AD01-3F52740BAFCA}.Debug|Any CPU.Build.0 = Debug|Any CPU
		{BBD42854-31A8-44F0-AD01-3F52740BAFCA}.Release|Any CPU.ActiveCfg = Release|Any CPU
		{BBD42854-31A8-44F0-AD01-3F52740BAFCA}.Release|Any CPU.Build.0 = Release|Any CPU
		{4652B04B-0B1A-406B-A2A0-4FA87D5E6BDE}.Debug|Any CPU.ActiveCfg = Debug|Any CPU
		{4652B04B-0B1A-406B-A2A0-4FA87D5E6BDE}.Debug|Any CPU.Build.0 = Debug|Any CPU
		{4652B04B-0B1A-406B-A2A0-4FA87D5E6BDE}.Release|Any CPU.ActiveCfg = Release|Any CPU
		{4652B04B-0B1A-406B-A2A0-4FA87D5E6BDE}.Release|Any CPU.Build.0 = Release|Any CPU
		{3DB9FE7B-9919-4565-A772-DD2BA4094A41}.Debug|Any CPU.ActiveCfg = Debug|Any CPU
		{3DB9FE7B-9919-4565-A772-DD2BA4094A41}.Debug|Any CPU.Build.0 = Debug|Any CPU
		{3DB9FE7B-9919-4565-A772-DD2BA4094A41}.Release|Any CPU.ActiveCfg = Release|Any CPU
		{3DB9FE7B-9919-4565-A772-DD2BA4094A41}.Release|Any CPU.Build.0 = Release|Any CPU
		{6389EB4D-03BD-4DA9-83DD-D4B68B1795E3}.Debug|Any CPU.ActiveCfg = Debug|Any CPU
		{6389EB4D-03BD-4DA9-83DD-D4B68B1795E3}.Debug|Any CPU.Build.0 = Debug|Any CPU
		{6389EB4D-03BD-4DA9-83DD-D4B68B1795E3}.Release|Any CPU.ActiveCfg = Release|Any CPU
		{6389EB4D-03BD-4DA9-83DD-D4B68B1795E3}.Release|Any CPU.Build.0 = Release|Any CPU
		{7662DBF7-0E92-4DFB-90D1-D233916504E9}.Debug|Any CPU.ActiveCfg = Debug|Any CPU
		{7662DBF7-0E92-4DFB-90D1-D233916504E9}.Debug|Any CPU.Build.0 = Debug|Any CPU
		{7662DBF7-0E92-4DFB-90D1-D233916504E9}.Release|Any CPU.ActiveCfg = Release|Any CPU
		{7662DBF7-0E92-4DFB-90D1-D233916504E9}.Release|Any CPU.Build.0 = Release|Any CPU
		{59FF0117-F748-44BC-BF46-A193E84B99A5}.Debug|Any CPU.ActiveCfg = Debug|Any CPU
		{59FF0117-F748-44BC-BF46-A193E84B99A5}.Debug|Any CPU.Build.0 = Debug|Any CPU
		{59FF0117-F748-44BC-BF46-A193E84B99A5}.Release|Any CPU.ActiveCfg = Release|Any CPU
		{59FF0117-F748-44BC-BF46-A193E84B99A5}.Release|Any CPU.Build.0 = Release|Any CPU
		{611CA69E-8307-4740-8F8A-08ED00E60E99}.Debug|Any CPU.ActiveCfg = Debug|Any CPU
		{611CA69E-8307-4740-8F8A-08ED00E60E99}.Debug|Any CPU.Build.0 = Debug|Any CPU
		{611CA69E-8307-4740-8F8A-08ED00E60E99}.Release|Any CPU.ActiveCfg = Release|Any CPU
		{611CA69E-8307-4740-8F8A-08ED00E60E99}.Release|Any CPU.Build.0 = Release|Any CPU
		{73A18680-33C6-48D6-8081-032F1CAE194A}.Debug|Any CPU.ActiveCfg = Debug|Any CPU
		{73A18680-33C6-48D6-8081-032F1CAE194A}.Debug|Any CPU.Build.0 = Debug|Any CPU
		{73A18680-33C6-48D6-8081-032F1CAE194A}.Release|Any CPU.ActiveCfg = Release|Any CPU
		{73A18680-33C6-48D6-8081-032F1CAE194A}.Release|Any CPU.Build.0 = Release|Any CPU
		{F0710254-8C0D-4F53-B2A6-930E0522C098}.Debug|Any CPU.ActiveCfg = Debug|Any CPU
		{F0710254-8C0D-4F53-B2A6-930E0522C098}.Debug|Any CPU.Build.0 = Debug|Any CPU
		{F0710254-8C0D-4F53-B2A6-930E0522C098}.Release|Any CPU.ActiveCfg = Release|Any CPU
		{F0710254-8C0D-4F53-B2A6-930E0522C098}.Release|Any CPU.Build.0 = Release|Any CPU
		{41D35352-AE57-421A-A95F-458ED212BEEC}.Debug|Any CPU.ActiveCfg = Debug|Any CPU
		{41D35352-AE57-421A-A95F-458ED212BEEC}.Debug|Any CPU.Build.0 = Debug|Any CPU
		{41D35352-AE57-421A-A95F-458ED212BEEC}.Release|Any CPU.ActiveCfg = Release|Any CPU
		{41D35352-AE57-421A-A95F-458ED212BEEC}.Release|Any CPU.Build.0 = Release|Any CPU
		{95065C41-F020-42CE-8D18-81B7F8A9867B}.Debug|Any CPU.ActiveCfg = Debug|Any CPU
		{95065C41-F020-42CE-8D18-81B7F8A9867B}.Debug|Any CPU.Build.0 = Debug|Any CPU
		{95065C41-F020-42CE-8D18-81B7F8A9867B}.Release|Any CPU.ActiveCfg = Release|Any CPU
		{95065C41-F020-42CE-8D18-81B7F8A9867B}.Release|Any CPU.Build.0 = Release|Any CPU
		{454B91F8-E261-4A4D-B086-93BE29264153}.Debug|Any CPU.ActiveCfg = Debug|Any CPU
		{454B91F8-E261-4A4D-B086-93BE29264153}.Debug|Any CPU.Build.0 = Debug|Any CPU
		{454B91F8-E261-4A4D-B086-93BE29264153}.Release|Any CPU.ActiveCfg = Release|Any CPU
		{454B91F8-E261-4A4D-B086-93BE29264153}.Release|Any CPU.Build.0 = Release|Any CPU
		{7D600B30-8915-42C2-98D0-5802210DEBCF}.Debug|Any CPU.ActiveCfg = Debug|Any CPU
		{7D600B30-8915-42C2-98D0-5802210DEBCF}.Debug|Any CPU.Build.0 = Debug|Any CPU
		{7D600B30-8915-42C2-98D0-5802210DEBCF}.Release|Any CPU.ActiveCfg = Release|Any CPU
		{7D600B30-8915-42C2-98D0-5802210DEBCF}.Release|Any CPU.Build.0 = Release|Any CPU
		{E6098062-76D9-433C-9088-1492F82EE66B}.Debug|Any CPU.ActiveCfg = Debug|Any CPU
		{E6098062-76D9-433C-9088-1492F82EE66B}.Debug|Any CPU.Build.0 = Debug|Any CPU
		{E6098062-76D9-433C-9088-1492F82EE66B}.Release|Any CPU.ActiveCfg = Release|Any CPU
		{E6098062-76D9-433C-9088-1492F82EE66B}.Release|Any CPU.Build.0 = Release|Any CPU
		{659CD593-2155-4CB3-9F56-1E829CBD8ABF}.Debug|Any CPU.ActiveCfg = Debug|Any CPU
		{659CD593-2155-4CB3-9F56-1E829CBD8ABF}.Debug|Any CPU.Build.0 = Debug|Any CPU
		{659CD593-2155-4CB3-9F56-1E829CBD8ABF}.Release|Any CPU.ActiveCfg = Release|Any CPU
		{659CD593-2155-4CB3-9F56-1E829CBD8ABF}.Release|Any CPU.Build.0 = Release|Any CPU
		{5334EBCD-3071-4CA5-91B8-B97B9341B300}.Debug|Any CPU.ActiveCfg = Debug|Any CPU
		{5334EBCD-3071-4CA5-91B8-B97B9341B300}.Debug|Any CPU.Build.0 = Debug|Any CPU
		{5334EBCD-3071-4CA5-91B8-B97B9341B300}.Release|Any CPU.ActiveCfg = Release|Any CPU
		{5334EBCD-3071-4CA5-91B8-B97B9341B300}.Release|Any CPU.Build.0 = Release|Any CPU
		{7E8E44FE-24D9-4698-BBEE-0EDACF05A80A}.Debug|Any CPU.ActiveCfg = Debug|Any CPU
		{7E8E44FE-24D9-4698-BBEE-0EDACF05A80A}.Debug|Any CPU.Build.0 = Debug|Any CPU
		{7E8E44FE-24D9-4698-BBEE-0EDACF05A80A}.Release|Any CPU.ActiveCfg = Release|Any CPU
		{7E8E44FE-24D9-4698-BBEE-0EDACF05A80A}.Release|Any CPU.Build.0 = Release|Any CPU
		{AE949B18-70AF-49D4-9DE8-EC4592445377}.Debug|Any CPU.ActiveCfg = Debug|Any CPU
		{AE949B18-70AF-49D4-9DE8-EC4592445377}.Debug|Any CPU.Build.0 = Debug|Any CPU
		{AE949B18-70AF-49D4-9DE8-EC4592445377}.Release|Any CPU.ActiveCfg = Release|Any CPU
		{AE949B18-70AF-49D4-9DE8-EC4592445377}.Release|Any CPU.Build.0 = Release|Any CPU
		{53E9199C-E1F6-49E2-98D2-B4C1F692D85E}.Debug|Any CPU.ActiveCfg = Debug|Any CPU
		{53E9199C-E1F6-49E2-98D2-B4C1F692D85E}.Debug|Any CPU.Build.0 = Debug|Any CPU
		{53E9199C-E1F6-49E2-98D2-B4C1F692D85E}.Release|Any CPU.ActiveCfg = Release|Any CPU
		{53E9199C-E1F6-49E2-98D2-B4C1F692D85E}.Release|Any CPU.Build.0 = Release|Any CPU
		{E0830560-C4CA-4C89-9D42-AD4FA6DEE09E}.Debug|Any CPU.ActiveCfg = Debug|Any CPU
		{E0830560-C4CA-4C89-9D42-AD4FA6DEE09E}.Debug|Any CPU.Build.0 = Debug|Any CPU
		{E0830560-C4CA-4C89-9D42-AD4FA6DEE09E}.Release|Any CPU.ActiveCfg = Release|Any CPU
		{E0830560-C4CA-4C89-9D42-AD4FA6DEE09E}.Release|Any CPU.Build.0 = Release|Any CPU
		{68851665-D5E7-40E2-91BE-DADDBAF44916}.Debug|Any CPU.ActiveCfg = Debug|Any CPU
		{68851665-D5E7-40E2-91BE-DADDBAF44916}.Debug|Any CPU.Build.0 = Debug|Any CPU
		{68851665-D5E7-40E2-91BE-DADDBAF44916}.Release|Any CPU.ActiveCfg = Release|Any CPU
		{68851665-D5E7-40E2-91BE-DADDBAF44916}.Release|Any CPU.Build.0 = Release|Any CPU
		{9B7BB081-3170-4E04-A463-EB89D0993046}.Debug|Any CPU.ActiveCfg = Debug|Any CPU
		{9B7BB081-3170-4E04-A463-EB89D0993046}.Debug|Any CPU.Build.0 = Debug|Any CPU
		{9B7BB081-3170-4E04-A463-EB89D0993046}.Release|Any CPU.ActiveCfg = Release|Any CPU
		{9B7BB081-3170-4E04-A463-EB89D0993046}.Release|Any CPU.Build.0 = Release|Any CPU
		{520E0F5C-28C5-48AB-899C-3548EC715C9B}.Debug|Any CPU.ActiveCfg = Debug|Any CPU
		{520E0F5C-28C5-48AB-899C-3548EC715C9B}.Debug|Any CPU.Build.0 = Debug|Any CPU
		{520E0F5C-28C5-48AB-899C-3548EC715C9B}.Release|Any CPU.ActiveCfg = Release|Any CPU
		{520E0F5C-28C5-48AB-899C-3548EC715C9B}.Release|Any CPU.Build.0 = Release|Any CPU
		{0437FAA5-8991-4DD2-8EA5-2418DD90C2B8}.Debug|Any CPU.ActiveCfg = Debug|Any CPU
		{0437FAA5-8991-4DD2-8EA5-2418DD90C2B8}.Debug|Any CPU.Build.0 = Debug|Any CPU
		{0437FAA5-8991-4DD2-8EA5-2418DD90C2B8}.Release|Any CPU.ActiveCfg = Release|Any CPU
		{0437FAA5-8991-4DD2-8EA5-2418DD90C2B8}.Release|Any CPU.Build.0 = Release|Any CPU
		{D2A3FEF6-7EE7-44EC-94D3-24DB2CC26E9B}.Debug|Any CPU.ActiveCfg = Debug|Any CPU
		{D2A3FEF6-7EE7-44EC-94D3-24DB2CC26E9B}.Debug|Any CPU.Build.0 = Debug|Any CPU
		{D2A3FEF6-7EE7-44EC-94D3-24DB2CC26E9B}.Release|Any CPU.ActiveCfg = Release|Any CPU
		{D2A3FEF6-7EE7-44EC-94D3-24DB2CC26E9B}.Release|Any CPU.Build.0 = Release|Any CPU
		{AC72642E-78FC-4A5F-B670-C515A034FF37}.Debug|Any CPU.ActiveCfg = Debug|Any CPU
		{AC72642E-78FC-4A5F-B670-C515A034FF37}.Debug|Any CPU.Build.0 = Debug|Any CPU
		{AC72642E-78FC-4A5F-B670-C515A034FF37}.Release|Any CPU.ActiveCfg = Release|Any CPU
		{AC72642E-78FC-4A5F-B670-C515A034FF37}.Release|Any CPU.Build.0 = Release|Any CPU
	EndGlobalSection
	GlobalSection(SolutionProperties) = preSolution
		HideSolutionNode = FALSE
	EndGlobalSection
	GlobalSection(NestedProjects) = preSolution
		{7146DFC0-EC0A-49EC-84EF-8653B621BE43} = {ABBEFAC0-9F58-4DC4-91AD-D428D2EF7C95}
		{D592849A-3484-4AA3-82B4-8181773A943E} = {AE87CDE1-448B-40EE-9F9B-538207732C9A}
		{D55BCD46-53B2-4B1E-AC60-23752CC47237} = {AE87CDE1-448B-40EE-9F9B-538207732C9A}
		{06FE1355-1A93-41FA-A27D-B53685B09CEF} = {AE87CDE1-448B-40EE-9F9B-538207732C9A}
		{1BDD25B9-5000-4AA3-952E-A5FCCCE7C41B} = {AE87CDE1-448B-40EE-9F9B-538207732C9A}
		{D43891D2-7F05-497C-9F1E-DE02AB533CF8} = {AE87CDE1-448B-40EE-9F9B-538207732C9A}
		{FF86642D-DB92-44FC-9A79-B87361EDDF39} = {871AC9F5-0455-4179-972D-053363B3EFF7}
		{871AC9F5-0455-4179-972D-053363B3EFF7} = {D55BCD46-53B2-4B1E-AC60-23752CC47237}
		{DC584B62-BE65-44B0-8F4F-FE2EFD10B618} = {D55BCD46-53B2-4B1E-AC60-23752CC47237}
		{6F2CA16A-BDAC-4A3F-A93C-965A9E564D62} = {D55BCD46-53B2-4B1E-AC60-23752CC47237}
		{401DB9B4-2FBC-432D-B941-2E5411FDE7F1} = {D55BCD46-53B2-4B1E-AC60-23752CC47237}
		{328C640C-291C-4E36-962D-2FB44B65F050} = {D55BCD46-53B2-4B1E-AC60-23752CC47237}
		{6409B8F7-15B6-4F47-9F8B-39A3DE51B1E8} = {6F2CA16A-BDAC-4A3F-A93C-965A9E564D62}
		{0EC6BE9A-65D3-419D-8717-98F5E979B43A} = {401DB9B4-2FBC-432D-B941-2E5411FDE7F1}
		{C9732E19-C429-4A9D-A21B-21BE35A83569} = {D43891D2-7F05-497C-9F1E-DE02AB533CF8}
		{BBD42854-31A8-44F0-AD01-3F52740BAFCA} = {D43891D2-7F05-497C-9F1E-DE02AB533CF8}
		{4652B04B-0B1A-406B-A2A0-4FA87D5E6BDE} = {D43891D2-7F05-497C-9F1E-DE02AB533CF8}
		{3DB9FE7B-9919-4565-A772-DD2BA4094A41} = {328C640C-291C-4E36-962D-2FB44B65F050}
		{6389EB4D-03BD-4DA9-83DD-D4B68B1795E3} = {328C640C-291C-4E36-962D-2FB44B65F050}
		{7662DBF7-0E92-4DFB-90D1-D233916504E9} = {DC584B62-BE65-44B0-8F4F-FE2EFD10B618}
		{59FF0117-F748-44BC-BF46-A193E84B99A5} = {2F9A2628-11E5-43BB-B072-3F66B8A5CBE2}
		{243B06A6-E122-4151-9B1D-91B392C9F27A} = {06FE1355-1A93-41FA-A27D-B53685B09CEF}
		{21DFAFBC-1CD3-4982-8B63-EA7071E288EE} = {06FE1355-1A93-41FA-A27D-B53685B09CEF}
		{B6108801-F2C8-4F2E-AA5C-270D21C93094} = {06FE1355-1A93-41FA-A27D-B53685B09CEF}
		{AE7501F0-AC5A-400D-A5AB-549608299245} = {06FE1355-1A93-41FA-A27D-B53685B09CEF}
		{611CA69E-8307-4740-8F8A-08ED00E60E99} = {21DFAFBC-1CD3-4982-8B63-EA7071E288EE}
		{73A18680-33C6-48D6-8081-032F1CAE194A} = {B6108801-F2C8-4F2E-AA5C-270D21C93094}
		{F0710254-8C0D-4F53-B2A6-930E0522C098} = {AE7501F0-AC5A-400D-A5AB-549608299245}
		{41D35352-AE57-421A-A95F-458ED212BEEC} = {AE7501F0-AC5A-400D-A5AB-549608299245}
		{95065C41-F020-42CE-8D18-81B7F8A9867B} = {243B06A6-E122-4151-9B1D-91B392C9F27A}
		{911BB14E-521D-4CA4-999A-A3A8E414D137} = {1BDD25B9-5000-4AA3-952E-A5FCCCE7C41B}
		{6A6881B7-1315-485F-8493-902EAC21F4F6} = {1BDD25B9-5000-4AA3-952E-A5FCCCE7C41B}
		{8016E757-1B07-469B-8189-521F24F7F476} = {1BDD25B9-5000-4AA3-952E-A5FCCCE7C41B}
		{40F2B315-3264-4740-9BE9-6725384B574E} = {1BDD25B9-5000-4AA3-952E-A5FCCCE7C41B}
		{A9EC005C-CC5C-4593-9951-16105F65BE8D} = {1BDD25B9-5000-4AA3-952E-A5FCCCE7C41B}
		{454B91F8-E261-4A4D-B086-93BE29264153} = {8016E757-1B07-469B-8189-521F24F7F476}
		{7D600B30-8915-42C2-98D0-5802210DEBCF} = {6A6881B7-1315-485F-8493-902EAC21F4F6}
		{E6098062-76D9-433C-9088-1492F82EE66B} = {40F2B315-3264-4740-9BE9-6725384B574E}
		{659CD593-2155-4CB3-9F56-1E829CBD8ABF} = {A9EC005C-CC5C-4593-9951-16105F65BE8D}
		{5334EBCD-3071-4CA5-91B8-B97B9341B300} = {A9EC005C-CC5C-4593-9951-16105F65BE8D}
		{7E8E44FE-24D9-4698-BBEE-0EDACF05A80A} = {911BB14E-521D-4CA4-999A-A3A8E414D137}
		{AE949B18-70AF-49D4-9DE8-EC4592445377} = {A9EC005C-CC5C-4593-9951-16105F65BE8D}
		{FB18BFC1-6365-403B-8923-244758270AF1} = {D592849A-3484-4AA3-82B4-8181773A943E}
		{101F9249-44DA-4CFD-9FB5-C9ED46DFEED5} = {D592849A-3484-4AA3-82B4-8181773A943E}
		{EBC37A89-5C53-4CF3-8A24-A34C33C25AC7} = {D592849A-3484-4AA3-82B4-8181773A943E}
		{27C9F128-7647-4EA4-B438-4BAD02F4C922} = {D592849A-3484-4AA3-82B4-8181773A943E}
		{53E9199C-E1F6-49E2-98D2-B4C1F692D85E} = {101F9249-44DA-4CFD-9FB5-C9ED46DFEED5}
		{E0830560-C4CA-4C89-9D42-AD4FA6DEE09E} = {EBC37A89-5C53-4CF3-8A24-A34C33C25AC7}
		{68851665-D5E7-40E2-91BE-DADDBAF44916} = {FB18BFC1-6365-403B-8923-244758270AF1}
		{9B7BB081-3170-4E04-A463-EB89D0993046} = {27C9F128-7647-4EA4-B438-4BAD02F4C922}
		{520E0F5C-28C5-48AB-899C-3548EC715C9B} = {27C9F128-7647-4EA4-B438-4BAD02F4C922}
		{0437FAA5-8991-4DD2-8EA5-2418DD90C2B8} = {7146DFC0-EC0A-49EC-84EF-8653B621BE43}
		{D2A3FEF6-7EE7-44EC-94D3-24DB2CC26E9B} = {ABBEFAC0-9F58-4DC4-91AD-D428D2EF7C95}
		{AC72642E-78FC-4A5F-B670-C515A034FF37} = {ABBEFAC0-9F58-4DC4-91AD-D428D2EF7C95}
	EndGlobalSection
	GlobalSection(ExtensibilityGlobals) = postSolution
		SolutionGuid = {C6F0A3CC-8D89-4363-9DDB-E76C31DB8958}
	EndGlobalSection
EndGlobal
